
Microsoft Visual Studio Solution File, Format Version 12.00
# Visual Studio Version 16
VisualStudioVersion = 16.0.30611.23
MinimumVisualStudioVersion = 15.0.26124.0
Project("{FAE04EC0-301F-11D3-BF4B-00C04F79EFBC}") = "AnotherTestProject.Objects", "Objects/AnotherTestProject.Objects.csproj", "9587e62f-4483-424c-b5e1-e6a6cee948e6"
EndProject
Project("{FAE04EC0-301F-11D3-BF4B-00C04F79EFBC}") = "AnotherTestProject.Tests", "Tests/AnotherTestProject.Tests.csproj", "56b81922-b773-4dbe-b44f-3b85bffbdae4"
EndProject
Project("{FAE04EC0-301F-11D3-BF4B-00C04F79EFBC}") = "AnotherTestProject.ODataBackend", "ODataBackend/AnotherTestProject.ODataBackend.csproj", "024c4182-8257-4d14-876f-69e8636d7d92"
EndProject
Project("{FAE04EC0-301F-11D3-BF4B-00C04F79EFBC}") = "AnotherTestProject.IntegrationTests", "IntegrationTests/AnotherTestProject.IntegrationTests.csproj", "33a30124-3f43-42a5-941a-b181b417afd2"
EndProject
Global
	GlobalSection(SolutionConfigurationPlatforms) = preSolution
Debug|Any CPU = Debug|Any CPU
Release|Any CPU = Release|Any CPU
	EndGlobalSection
	GlobalSection(ProjectConfigurationPlatforms) = postSolution
		9587e62f-4483-424c-b5e1-e6a6cee948e6.Debug|Any CPU.ActiveCfg = Debug|Any CPU
		9587e62f-4483-424c-b5e1-e6a6cee948e6.Debug|Any CPU.Build.0 = Debug|Any CPU
		9587e62f-4483-424c-b5e1-e6a6cee948e6.Release|Any CPU.ActiveCfg = Release|Any CPU
		9587e62f-4483-424c-b5e1-e6a6cee948e6.Release|Any CPU.Build.0 = Release|Any CPU
		56b81922-b773-4dbe-b44f-3b85bffbdae4.Debug|Any CPU.ActiveCfg = Debug|Any CPU
		56b81922-b773-4dbe-b44f-3b85bffbdae4.Debug|Any CPU.Build.0 = Debug|Any CPU
		56b81922-b773-4dbe-b44f-3b85bffbdae4.Release|Any CPU.ActiveCfg = Release|Any CPU
		56b81922-b773-4dbe-b44f-3b85bffbdae4.Release|Any CPU.Build.0 = Release|Any CPU
		024c4182-8257-4d14-876f-69e8636d7d92.Debug|Any CPU.ActiveCfg = Debug|Any CPU
		024c4182-8257-4d14-876f-69e8636d7d92.Debug|Any CPU.Build.0 = Debug|Any CPU
		024c4182-8257-4d14-876f-69e8636d7d92.Release|Any CPU.ActiveCfg = Release|Any CPU
		024c4182-8257-4d14-876f-69e8636d7d92.Release|Any CPU.Build.0 = Release|Any CPU
		33a30124-3f43-42a5-941a-b181b417afd2.Debug|Any CPU.ActiveCfg = Debug|Any CPU
		33a30124-3f43-42a5-941a-b181b417afd2.Debug|Any CPU.Build.0 = Debug|Any CPU
		33a30124-3f43-42a5-941a-b181b417afd2.Release|Any CPU.ActiveCfg = Release|Any CPU
		33a30124-3f43-42a5-941a-b181b417afd2.Release|Any CPU.Build.0 = Release|Any CPU
	EndGlobalSection
	GlobalSection(SolutionProperties) = preSolution
		HideSolutionNode = FALSE
	EndGlobalSection
EndGlobal
